Microsoft Visual Studio Solution File, Format Version 12.00
# Visual Studio 2012
Project("{FAE04EC0-301F-11D3-BF4B-00C04F79EFBC}") = "CoinGame3", "CoinGame3.csproj", "{750CB628-F8AC-41A6-996A-089565F42B43}"
EndProject
Global
	GlobalSection(SolutionConfigurationPlatforms) = preSolution
	Debug|Any CPU = Debug|Any CPU
	ExportDebug|Any CPU = ExportDebug|Any CPU
	ExportRelease|Any CPU = ExportRelease|Any CPU
	EndGlobalSection
	GlobalSection(ProjectConfigurationPlatforms) = postSolution
		{750CB628-F8AC-41A6-996A-089565F42B43}.Debug|Any CPU.ActiveCfg = Debug|Any CPU
		{750CB628-F8AC-41A6-996A-089565F42B43}.Debug|Any CPU.Build.0 = Debug|Any CPU
		{750CB628-F8AC-41A6-996A-089565F42B43}.ExportDebug|Any CPU.ActiveCfg = ExportDebug|Any CPU
		{750CB628-F8AC-41A6-996A-089565F42B43}.ExportDebug|Any CPU.Build.0 = ExportDebug|Any CPU
		{750CB628-F8AC-41A6-996A-089565F42B43}.ExportRelease|Any CPU.ActiveCfg = ExportRelease|Any CPU
		{750CB628-F8AC-41A6-996A-089565F42B43}.ExportRelease|Any CPU.Build.0 = ExportRelease|Any CPU
	EndGlobalSection
EndGlobal
